PODS:
  - Flutter (1.0.0)
  - otpless_flutter (0.0.4):
    - Flutter
    - OtplessSDK (= 2.1.5)
  - OtplessSDK (2.1.5)

DEPENDENCIES:
  - Flutter (from `Flutter`)
  - otpless_flutter (from `.symlinks/plugins/otpless_flutter/ios`)

SPEC REPOS:
  trunk:
    - OtplessSDK

EXTERNAL SOURCES:
  Flutter:
    :path: Flutter
  otpless_flutter:
    :path: ".symlinks/plugins/otpless_flutter/ios"

SPEC CHECKSUMS:
  Flutter: e0871f40cf51350855a761d2e70bf5af5b9b5de7
  otpless_flutter: 5a07b8f1240006365838f78163a523c6d8afc58e
  OtplessSDK: 8583baab308f67d9da3452ab4aa686753cafdcd6

PODFILE CHECKSUM: 1959d098c91d8a792531a723c4a9d7e9f6a01e38

COCOAPODS: 1.15.2
